{
  "lockfileVersion": 1,
  "configVersion": 1,
  "workspaces": {
    "": {
      "name": "google-cli",
      "devDependencies": {
        "@types/bun": "^1.3.14",
        "typescript": "^6.0.3",
      },
    },
    "packages/aphrody-jsx": {
      "name": "@aphrody/jsx",
      "version": "0.1.0",
      "devDependencies": {
        "@types/bun": "^1.3.14",
        "@types/react": "^19.2.0",
        "@types/react-reconciler": "^0.31.0",
        "react": "^19.2.6",
        "react-reconciler": "^0.33.0",
        "typescript": "^6.0.3",
      },
      "peerDependencies": {
        "react": "^19.0.0",
        "react-reconciler": "^0.33.0",
      },
    },
    "packages/aphrody-skills": {
      "name": "@aphrody/skills",
      "version": "0.1.0",
      "bin": {
        "skills": "./src/cli.ts",
      },
      "devDependencies": {
        "@types/bun": "^1.3.14",
        "typescript": "^6.0.3",
      },
    },
    "packages/gemini-live-aphrody": {
      "name": "@aphrody/gemini-live-aphrody",
      "version": "0.1.0",
      "devDependencies": {
        "@types/bun": "^1.3.0",
        "typescript": "^5.6.3",
      },
    },
    "packages/google-core": {
      "name": "google-core",
      "version": "1.0.0",
    },
    "packages/n2b": {
      "name": "@n2b/core",
      "version": "0.5.0",
      "dependencies": {
        "@n2b/plugin": "workspace:*",
        "@n2b/shims": "workspace:*",
        "@n2b/types": "workspace:*",
      },
      "devDependencies": {
        "@types/bun": "latest",
        "typescript": "^5.6.0",
      },
    },
    "packages/n2b-plugin": {
      "name": "@n2b/plugin",
      "version": "0.5.0",
      "dependencies": {
        "@n2b/core": "workspace:*",
        "@n2b/types": "workspace:*",
      },
      "devDependencies": {
        "@types/bun": "latest",
        "typescript": "^5.6.0",
      },
    },
    "packages/n2b-shims": {
      "name": "@n2b/shims",
      "version": "0.5.0",
      "devDependencies": {
        "@types/bun": "latest",
        "typescript": "^5.6.0",
      },
    },
    "packages/n2b-types": {
      "name": "@n2b/types",
      "version": "0.5.0",
      "devDependencies": {
        "@types/bun": "latest",
        "typescript": "^5.6.0",
      },
    },
    "packages/plugin-package-contract": {
      "name": "@aphrody/plugin-package-contract",
      "version": "0.0.0-vendored",
    },
    "packages/ui": {
      "name": "@aphrody-code/ui",
      "version": "0.2.0",
      "dependencies": {
        "@material/web": "npm:@material/web@^2.4.1",
        "material-symbols": "^0.44.7",
      },
      "devDependencies": {
        "@happy-dom/global-registrator": "^15.11.7",
        "@types/bun": "latest",
        "@types/react": "^19.2.0",
        "@types/react-dom": "^19.2.0",
        "react": "^19.2.0",
        "react-dom": "^19.2.0",
        "typescript": "^5.6.0",
        "zod": "^3.23.8",
      },
      "peerDependencies": {
        "react": ">=19.0.0",
        "react-dom": ">=19.0.0",
      },
    },
  },
  "catalog": {
    "@modelcontextprotocol/sdk": "^1.0.1",
    "zod": "^3.23.8",
  },
  "packages": {
    "@aphrody-code/ui": ["@aphrody-code/ui@workspace:packages/ui"],

    "@aphrody/gemini-live-aphrody": ["@aphrody/gemini-live-aphrody@workspace:packages/gemini-live-aphrody"],

    "@aphrody/jsx": ["@aphrody/jsx@workspace:packages/aphrody-jsx"],

    "@aphrody/plugin-package-contract": ["@aphrody/plugin-package-contract@workspace:packages/plugin-package-contract"],

    "@aphrody/skills": ["@aphrody/skills@workspace:packages/aphrody-skills"],

    "@happy-dom/global-registrator": ["@happy-dom/global-registrator@15.11.7", "", { "dependencies": { "happy-dom": "^15.11.7" } }, "sha512-mfOoUlIw8VBiJYPrl5RZfMzkXC/z7gbSpi2ecycrj/gRWLq2CMV+Q+0G+JPjeOmuNFgg0skEIzkVFzVYFP6URw=="],

    "@lit-labs/ssr-dom-shim": ["@lit-labs/ssr-dom-shim@1.6.0", "", {}, "sha512-VHb0ALPMTlgKjM6yIxxoQNnpKyUKLD04VzeQdsiXkMqkvYlAHxq9glGLmgbb889/1GsohSOAjvQYoiBppXFqrQ=="],

    "@lit/reactive-element": ["@lit/reactive-element@2.1.2", "", { "dependencies": { "@lit-labs/ssr-dom-shim": "^1.5.0" } }, "sha512-pbCDiVMnne1lYUIaYNN5wrwQXDtHaYtg7YEFPeW+hws6U47WeFvISGUWekPGKWOP1ygrs0ef0o1VJMk1exos5A=="],

    "@material/web": ["@material/web@2.4.1", "", { "dependencies": { "lit": "^2.8.0 || ^3.0.0", "tslib": "^2.4.0" } }, "sha512-0sk9t25acJ72Qv3r0n9r0lgDbPaAKnpm0p+QmEAAwYyZomHxuVbgrrAdtNXaRm7jFyGh+WsTr8bhtvCnpPRFjw=="],

    "@n2b/core": ["@n2b/core@workspace:packages/n2b"],

    "@n2b/plugin": ["@n2b/plugin@workspace:packages/n2b-plugin"],

    "@n2b/shims": ["@n2b/shims@workspace:packages/n2b-shims"],

    "@n2b/types": ["@n2b/types@workspace:packages/n2b-types"],

    "@types/bun": ["@types/bun@1.3.14", "", { "dependencies": { "bun-types": "1.3.14" } }, "sha512-h1hFqFVcvAvD9j9K7ZW7vd82aSA+rTdznZa+5bwvCwqSB1jmmfLcbIWhOLx1/+boy/xmjgCs/OMUL8hRJSmnPw=="],

    "@types/node": ["@types/node@24.12.4", "", { "dependencies": { "undici-types": "~7.16.0" } }, "sha512-GUUEShf+PBCGW2KaXwcIt3Yk+e3pkKwWKb9GSyM9WQVE+ep2jzmHdGsHzu4wgcZy5fN9FBdVzjpBQsYlpfpgLA=="],

    "@types/react": ["@types/react@19.2.14", "", { "dependencies": { "csstype": "^3.2.2" } }, "sha512-ilcTH/UniCkMdtexkoCN0bI7pMcJDvmQFPvuPvmEaYA/NSfFTAgdUSLAoVjaRJm7+6PvcM+q1zYOwS4wTYMF9w=="],

    "@types/react-dom": ["@types/react-dom@19.2.3", "", { "peerDependencies": { "@types/react": "^19.2.0" } }, "sha512-jp2L/eY6fn+KgVVQAOqYItbF0VY/YApe5Mz2F0aykSO8gx31bYCZyvSeYxCHKvzHG5eZjc+zyaS5BrBWya2+kQ=="],

    "@types/react-reconciler": ["@types/react-reconciler@0.31.0", "", { "peerDependencies": { "@types/react": "*" } }, "sha512-wa1KtV3SHKnWeLHfZFg/7nrPSe/Ejdn+qbanNX4V6i9I7C3ECKPfBnC1KM3ef58KFWEohLmTvoTH5XuEIKGX2g=="],

    "@types/trusted-types": ["@types/trusted-types@2.0.7", "", {}, "sha512-ScaPdn1dQczgbl0QFTeTOmVHFULt394XJgOQNoyVhZ6r2vLnMLJfBPd53SB52T/3G36VI1/g2MZaX0cwDuXsfw=="],

    "bun-types": ["bun-types@1.3.14", "", { "dependencies": { "@types/node": "*" } }, "sha512-4N0ig0fEomHt5R0KCFWjovxow98rIoRwKolrYdCcknNwMekCXRnWEUvgu5soYV8QXtVsrUD8B95MBOZGPvr6KQ=="],

    "csstype": ["csstype@3.2.3", "", {}, "sha512-z1HGKcYy2xA8AGQfwrn0PAy+PB7X/GSj3UVJW9qKyn43xWa+gl5nXmU4qqLMRzWVLFC8KusUX8T/0kCiOYpAIQ=="],

    "entities": ["entities@4.5.0", "", {}, "sha512-V0hjH4dGPh9Ao5p0MoRY6BVqtwCjhz6vI5LT8AJ55H+4g9/4vbHx1I54fS0XuclLhDHArPQCiMjDxjaL8fPxhw=="],

    "google-core": ["google-core@workspace:packages/google-core"],

    "happy-dom": ["happy-dom@15.11.7", "", { "dependencies": { "entities": "^4.5.0", "webidl-conversions": "^7.0.0", "whatwg-mimetype": "^3.0.0" } }, "sha512-KyrFvnl+J9US63TEzwoiJOQzZBJY7KgBushJA8X61DMbNsH+2ONkDuLDnCnwUiPTF42tLoEmrPyoqbenVA5zrg=="],

    "lit": ["lit@3.3.3", "", { "dependencies": { "@lit/reactive-element": "^2.1.0", "lit-element": "^4.2.0", "lit-html": "^3.3.0" } }, "sha512-fycuvZg/hkpozL00lm1pEJH5nN/lr9ZXd6mJI2HSN4+Bzc+LDNdEApJ6HFbPkdFNHLvOplIIuJvxkS4XUxqirw=="],

    "lit-element": ["lit-element@4.2.2", "", { "dependencies": { "@lit-labs/ssr-dom-shim": "^1.5.0", "@lit/reactive-element": "^2.1.0", "lit-html": "^3.3.0" } }, "sha512-aFKhNToWxoyhkNDmWZwEva2SlQia+jfG0fjIWV//YeTaWrVnOxD89dPKfigCUspXFmjzOEUQpOkejH5Ly6sG0w=="],

    "lit-html": ["lit-html@3.3.3", "", { "dependencies": { "@types/trusted-types": "^2.0.2" } }, "sha512-el8M6jK2o3RXBnrSHX3ZKrsN8zEV63pSExTO1wYJz7QndGYZ8353e2a5PPX+qHe2aGayfnchQmkAojaWAREOIA=="],

    "material-symbols": ["material-symbols@0.44.7", "", {}, "sha512-I+XYA867M5PVrgKLUS7DERGAhuqhUWF7uyI+xnI2lbNJEbYUS9Ha4YUhD4Rqn9FdWVes++WEG7yl364mNpikCQ=="],

    "react": ["react@19.2.6", "", {}, "sha512-sfWGGfavi0xr8Pg0sVsyHMAOziVYKgPLNrS7ig+ivMNb3wbCBw3KxtflsGBAwD3gYQlE/AEZsTLgToRrSCjb0Q=="],

    "react-dom": ["react-dom@19.2.6", "", { "dependencies": { "scheduler": "^0.27.0" }, "peerDependencies": { "react": "^19.2.6" } }, "sha512-0prMI+hvBbPjsWnxDLxlCGyM8PN6UuWjEUCYmZhO67xIV9Xasa/r/vDnq+Xyq4Lo27g8QSbO5YzARu0D1Sps3g=="],

    "react-reconciler": ["react-reconciler@0.33.0", "", { "dependencies": { "scheduler": "^0.27.0" }, "peerDependencies": { "react": "^19.2.0" } }, "sha512-KetWRytFv1epdpJc3J4G75I4WrplZE5jOL7Yq0p34+OVOKF4Se7WrdIdVC45XsSSmUTlht2FM/fM1FZb1mfQeA=="],

    "scheduler": ["scheduler@0.27.0", "", {}, "sha512-eNv+WrVbKu1f3vbYJT/xtiF5syA5HPIMtf9IgY/nKg0sWqzAUEvqY/xm7OcZc/qafLx/iO9FgOmeSAp4v5ti/Q=="],

    "tslib": ["tslib@2.8.1", "", {}, "sha512-oJFu94HQb+KVduSUQL7wnpmqnfmLsOA/nAh6b6EH0wCEoK0/mPeXU6c3wKDV83MkOuHPRHtSXKKU99IBazS/2w=="],

    "typescript": ["typescript@6.0.3", "", { "bin": { "tsc": "bin/tsc", "tsserver": "bin/tsserver" } }, "sha512-y2TvuxSZPDyQakkFRPZHKFm+KKVqIisdg9/CZwm9ftvKXLP8NRWj38/ODjNbr43SsoXqNuAisEf1GdCxqWcdBw=="],

    "undici-types": ["undici-types@7.16.0", "", {}, "sha512-Zz+aZWSj8LE6zoxD+xrjh4VfkIG8Ya6LvYkZqtUQGJPZjYl53ypCaUwWqo7eI0x66KBGeRo+mlBEkMSeSZ38Nw=="],

    "webidl-conversions": ["webidl-conversions@7.0.0", "", {}, "sha512-VwddBukDzu71offAQR975unBIGqfKZpM+8ZX6ySk8nYhVoo5CYaZyzt3YBvYtRtO+aoGlqxPg/B87NGVZ/fu6g=="],

    "whatwg-mimetype": ["whatwg-mimetype@3.0.0", "", {}, "sha512-nt+N2dzIutVRxARx1nghPKGv1xHikU7HKdfafKkLNLindmPU/ch3U31NOCGGA/dmPcmb1VlofO0vnKAcsm0o/Q=="],

    "zod": ["zod@3.25.76", "", {}, "sha512-gzUt/qt81nXsFGKIFcC3YnfEAx5NkunCfnDlvuBSSFS02bcXu4Lmea0AFIUwbLWxWPx3d9p8S5QoaujKcNQxcQ=="],

    "@aphrody-code/ui/typescript": ["typescript@5.9.3", "", { "bin": { "tsc": "bin/tsc", "tsserver": "bin/tsserver" } }, "sha512-jl1vZzPDinLr9eUt3J/t7V6FgNEw9QjvBPdysz9KfQDD41fQrC2Y4vKQdiaUpFT4bXlb1RHhLpp8wtm6M5TgSw=="],

    "@aphrody/gemini-live-aphrody/typescript": ["typescript@5.9.3", "", { "bin": { "tsc": "bin/tsc", "tsserver": "bin/tsserver" } }, "sha512-jl1vZzPDinLr9eUt3J/t7V6FgNEw9QjvBPdysz9KfQDD41fQrC2Y4vKQdiaUpFT4bXlb1RHhLpp8wtm6M5TgSw=="],

    "@n2b/core/typescript": ["typescript@5.9.3", "", { "bin": { "tsc": "bin/tsc", "tsserver": "bin/tsserver" } }, "sha512-jl1vZzPDinLr9eUt3J/t7V6FgNEw9QjvBPdysz9KfQDD41fQrC2Y4vKQdiaUpFT4bXlb1RHhLpp8wtm6M5TgSw=="],

    "@n2b/plugin/typescript": ["typescript@5.9.3", "", { "bin": { "tsc": "bin/tsc", "tsserver": "bin/tsserver" } }, "sha512-jl1vZzPDinLr9eUt3J/t7V6FgNEw9QjvBPdysz9KfQDD41fQrC2Y4vKQdiaUpFT4bXlb1RHhLpp8wtm6M5TgSw=="],

    "@n2b/shims/typescript": ["typescript@5.9.3", "", { "bin": { "tsc": "bin/tsc", "tsserver": "bin/tsserver" } }, "sha512-jl1vZzPDinLr9eUt3J/t7V6FgNEw9QjvBPdysz9KfQDD41fQrC2Y4vKQdiaUpFT4bXlb1RHhLpp8wtm6M5TgSw=="],

    "@n2b/types/typescript": ["typescript@5.9.3", "", { "bin": { "tsc": "bin/tsc", "tsserver": "bin/tsserver" } }, "sha512-jl1vZzPDinLr9eUt3J/t7V6FgNEw9QjvBPdysz9KfQDD41fQrC2Y4vKQdiaUpFT4bXlb1RHhLpp8wtm6M5TgSw=="],
  }
}
